<?xml version="1.0" encoding="utf-8"?>
<Project ToolsVersion="4.0" xmlns="http://schemas.microsoft.com/developer/msbuild/2003">
  <ItemGroup>
    <Filter Include="Source Files">
      <UniqueIdentifier>{4FC737F1-C7A5-4376-A066-2A32D752A2FF}</UniqueIdentifier>
      <Extensions>cpp;c;cc;cxx;c++;cppm;ixx;def;odl;idl;hpj;bat;asm;asmx</Extensions>
    </Filter>
    <Filter Include="Header Files">
      <UniqueIdentifier>{93995380-89BD-4b04-88EB-625FBE52EBFB}</UniqueIdentifier>
      <Extensions>h;hh;hpp;hxx;h++;hm;inl;inc;ipp;xsd</Extensions>
    </Filter>
    <Filter Include="Resource Files">
      <UniqueIdentifier>{67DA6AB6-F800-4c08-8B7A-83BB121AAD01}</UniqueIdentifier>
      <Extensions>rc;ico;cur;bmp;dlg;rc2;rct;bin;rgs;gif;jpg;jpeg;jpe;resx;tiff;tif;png;wav;mfcribbon-ms</Extensions>
    </Filter>
    <Filter Include="Resource Files\Fonts">
      <UniqueIdentifier>{00dd97f4-d611-4ec7-96c4-18497c37cd06}</UniqueIdentifier>
    </Filter>
    <Filter Include="Resource Files\Images">
      <UniqueIdentifier>{06886863-a13b-4193-a98b-e29074f99589}</UniqueIdentifier>
    </Filter>
    <Filter Include="Resource Files\Sounds">
      <UniqueIdentifier>{64bb3f09-3c9d-4c10-ad1d-412e2ee891c4}</UniqueIdentifier>
    </Filter>
    <Filter Include="Resource Files\Scenes">
      <UniqueIdentifier>{7f50de67-b807-44a8-8985-5c9d252a1895}</UniqueIdentifier>
    </Filter>
    <Filter Include="GameComponents">
      <UniqueIdentifier>{d2e5a691-245a-4177-bbe1-890c26fb4749}</UniqueIdentifier>
    </Filter>
  </ItemGroup>
  <ItemGroup>
    <ClCompile Include="Main.cpp">
      <Filter>Source Files</Filter>
    </ClCompile>
    <ClCompile Include="TheGame.cpp">
      <Filter>Source Files</Filter>
    </ClCompile>
    <ClCompile Include="GameComponents\EnemyComponent.cpp">
      <Filter>GameComponents</Filter>
    </ClCompile>
  </ItemGroup>
  <ItemGroup>
    <Text Include="..\Build\Assets\Scenes\Level.txt">
      <Filter>Resource Files\Scenes</Filter>
    </Text>
    <Text Include="..\Build\Assets\Scenes\Prefabs.txt">
      <Filter>Resource Files\Scenes</Filter>
    </Text>
    <Text Include="..\Build\Assets\Scenes\Tilemap.txt">
      <Filter>Resource Files\Scenes</Filter>
    </Text>
  </ItemGroup>
  <ItemGroup>
    <Font Include="..\Build\Assets\Fonts\Blox2.ttf">
      <Filter>Resource Files\Fonts</Filter>
    </Font>
    <Font Include="..\Build\Assets\Fonts\PhoenixOne.ttf">
      <Filter>Resource Files\Fonts</Filter>
    </Font>
    <Font Include="..\Build\Assets\Fonts\PhoenixTwo.ttf">
      <Filter>Resource Files\Fonts</Filter>
    </Font>
    <Font Include="..\Build\Assets\Fonts\Royal Inferno.ttf">
      <Filter>Resource Files\Fonts</Filter>
    </Font>
    <Font Include="..\Build\Assets\Fonts\MarioKartDS.ttf">
      <Filter>Resource Files\Fonts</Filter>
    </Font>
  </ItemGroup>
  <ItemGroup>
    <Image Include="..\Build\Assets\Images\Kirby.png">
      <Filter>Resource Files\Images</Filter>
    </Image>
    <Image Include="..\Build\Assets\Images\Coin.png">
      <Filter>Resource Files\Images</Filter>
    </Image>
    <Image Include="..\Build\Assets\Images\Tilemap.png">
      <Filter>Resource Files\Images</Filter>
    </Image>
    <Image Include="..\Build\Assets\Images\Tilemap2.png">
      <Filter>Resource Files\Images</Filter>
    </Image>
    <Image Include="..\Build\Assets\Images\GhostIdle.png">
      <Filter>Resource Files\Images</Filter>
    </Image>
    <Image Include="..\Build\Assets\Images\HeroIdle.png">
      <Filter>Resource Files\Images</Filter>
    </Image>
  </ItemGroup>
  <ItemGroup>
    <Media Include="..\Build\Assets\Sounds\Explosion.wav">
      <Filter>Resource Files\Sounds</Filter>
    </Media>
    <Media Include="..\Build\Assets\Sounds\Explosion2.wav">
      <Filter>Resource Files\Sounds</Filter>
    </Media>
    <Media Include="..\Build\Assets\Sounds\Explosion3.wav">
      <Filter>Resource Files\Sounds</Filter>
    </Media>
    <Media Include="..\Build\Assets\Sounds\Laser.wav">
      <Filter>Resource Files\Sounds</Filter>
    </Media>
    <Media Include="..\Build\Assets\Sounds\Shooting.wav">
      <Filter>Resource Files\Sounds</Filter>
    </Media>
    <Media Include="..\Build\Assets\Sounds\Theme.mp3">
      <Filter>Resource Files\Sounds</Filter>
    </Media>
  </ItemGroup>
  <ItemGroup>
    <ClInclude Include="TheGame.h">
      <Filter>Source Files</Filter>
    </ClInclude>
    <ClInclude Include="GameComponents\EnemyComponent.h">
      <Filter>GameComponents</Filter>
    </ClInclude>
  </ItemGroup>
</Project>